// !$*UTF8*$!
{
	archiveVersion = 1;
	classes = {
	};
	objectVersion = 46;
	objects = {

/* Begin PBXBuildFile section */
		8D3199AD43224FD4B755C2CF /* libPods.a in Frameworks */ = {isa = PBXBuildFile; fileRef = 4E584A651DE34ABBBBE9979B /* libPods.a */; };
		99015ACC15BB7BB9007F50D2 /* QuestArrow@2x.png in Resources */ = {isa = PBXBuildFile; fileRef = 99015ACB15BB7BB9007F50D2 /* QuestArrow@2x.png */; };
		99015AD015BB7D86007F50D2 /* LCUser.m in Sources */ = {isa = PBXBuildFile; fileRef = 99015ACF15BB7D86007F50D2 /* LCUser.m */; };
		99066D3D15BB82910034528D /* LCUserView.m in Sources */ = {isa = PBXBuildFile; fileRef = 99066D3C15BB82910034528D /* LCUserView.m */; };
		99066D4215BB83410034528D /* NSString+Utils.m in Sources */ = {isa = PBXBuildFile; fileRef = 99066D4115BB83410034528D /* NSString+Utils.m */; };
		99066D4415BB89970034528D /* Circle@2x.png in Resources */ = {isa = PBXBuildFile; fileRef = 99066D4315BB89970034528D /* Circle@2x.png */; };
		99066D5715BB91540034528D /* LCQuestController.m in Sources */ = {isa = PBXBuildFile; fileRef = 99066D5515BB91540034528D /* LCQuestController.m */; };
		99066D5815BB91540034528D /* LCQuestController.xib in Resources */ = {isa = PBXBuildFile; fileRef = 99066D5615BB91540034528D /* LCQuestController.xib */; };
		99066D6615BB98380034528D /* LCNavigationBar.m in Sources */ = {isa = PBXBuildFile; fileRef = 99066D6515BB98380034528D /* LCNavigationBar.m */; };
		99066D6815BB988B0034528D /* Bar@2x.png in Resources */ = {isa = PBXBuildFile; fileRef = 99066D6715BB988B0034528D /* Bar@2x.png */; };
		99066D6A15BB9AC90034528D /* Level@2x.png in Resources */ = {isa = PBXBuildFile; fileRef = 99066D6915BB9AC90034528D /* Level@2x.png */; };
		99066D6D15BB9C380034528D /* LCDataContext.m in Sources */ = {isa = PBXBuildFile; fileRef = 99066D6C15BB9C380034528D /* LCDataContext.m */; };
		99066D7315BBA0FA0034528D /* LCQuestsList.m in Sources */ = {isa = PBXBuildFile; fileRef = 99066D7115BBA0FA0034528D /* LCQuestsList.m */; };
		99066D7415BBA0FA0034528D /* LCQuestsList.xib in Resources */ = {isa = PBXBuildFile; fileRef = 99066D7215BBA0FA0034528D /* LCQuestsList.xib */; };
		99066D7E15BBA21A0034528D /* LCQuestCell.m in Sources */ = {isa = PBXBuildFile; fileRef = 99066D7D15BBA21A0034528D /* LCQuestCell.m */; };
		9922790E15BC42DD004B9F6B /* Background@2x.png in Resources */ = {isa = PBXBuildFile; fileRef = 9922790D15BC42DD004B9F6B /* Background@2x.png */; };
		9922791215BC433F004B9F6B /* InputBackground@2x.png in Resources */ = {isa = PBXBuildFile; fileRef = 9922791015BC433F004B9F6B /* InputBackground@2x.png */; };
		9922791315BC433F004B9F6B /* InputBackground.png in Resources */ = {isa = PBXBuildFile; fileRef = 9922791115BC433F004B9F6B /* InputBackground.png */; };
		9922791615BC43E9004B9F6B /* Button@2x.png in Resources */ = {isa = PBXBuildFile; fileRef = 9922791415BC43E9004B9F6B /* Button@2x.png */; };
		9922791715BC43E9004B9F6B /* Button.png in Resources */ = {isa = PBXBuildFile; fileRef = 9922791515BC43E9004B9F6B /* Button.png */; };
		9922791915BC461E004B9F6B /* BottomBar@2x.png in Resources */ = {isa = PBXBuildFile; fileRef = 9922791815BC461E004B9F6B /* BottomBar@2x.png */; };
		9922791B15BC46E4004B9F6B /* BarButton@2x.png in Resources */ = {isa = PBXBuildFile; fileRef = 9922791A15BC46E4004B9F6B /* BarButton@2x.png */; };
		993A060915BB751B00EB93FF /* Quest@2x.png in Resources */ = {isa = PBXBuildFile; fileRef = 993A060815BB751B00EB93FF /* Quest@2x.png */; };
		995C7EA015BB5B630066D8D5 /* LCMapController.m in Sources */ = {isa = PBXBuildFile; fileRef = 995C7E9E15BB5B630066D8D5 /* LCMapController.m */; };
		995C7EA115BB5B630066D8D5 /* LCMapController.xib in Resources */ = {isa = PBXBuildFile; fileRef = 995C7E9F15BB5B630066D8D5 /* LCMapController.xib */; };
		995C7EA615BB5D730066D8D5 /* MapKit.framework in Frameworks */ = {isa = PBXBuildFile; fileRef = 995C7EA515BB5D730066D8D5 /* MapKit.framework */; };
		995C7EAF15BB603D0066D8D5 /* CoreLocation.framework in Frameworks */ = {isa = PBXBuildFile; fileRef = 995C7EAE15BB603D0066D8D5 /* CoreLocation.framework */; };
		997449D315BB5A640022EFF4 /* UIKit.framework in Frameworks */ = {isa = PBXBuildFile; fileRef = 997449D215BB5A640022EFF4 /* UIKit.framework */; };
		997449D515BB5A640022EFF4 /* Foundation.framework in Frameworks */ = {isa = PBXBuildFile; fileRef = 997449D415BB5A640022EFF4 /* Foundation.framework */; };
		997449D715BB5A640022EFF4 /* CoreGraphics.framework in Frameworks */ = {isa = PBXBuildFile; fileRef = 997449D615BB5A640022EFF4 /* CoreGraphics.framework */; };
		997449DD15BB5A640022EFF4 /* InfoPlist.strings in Resources */ = {isa = PBXBuildFile; fileRef = 997449DB15BB5A640022EFF4 /* InfoPlist.strings */; };
		997449DF15BB5A640022EFF4 /* main.m in Sources */ = {isa = PBXBuildFile; fileRef = 997449DE15BB5A640022EFF4 /* main.m */; };
		997449E315BB5A640022EFF4 /* LCAppDelegate.m in Sources */ = {isa = PBXBuildFile; fileRef = 997449E215BB5A640022EFF4 /* LCAppDelegate.m */; };
		99A4373915BB773A004BF2C7 /* LCQuestView.m in Sources */ = {isa = PBXBuildFile; fileRef = 99A4373815BB773A004BF2C7 /* LCQuestView.m */; };
		99BBDAEA15BB664D00332C88 /* placeholder.jpg in Resources */ = {isa = PBXBuildFile; fileRef = 99BBDAE915BB664D00332C88 /* placeholder.jpg */; };
		99BBDAF015BB699E00332C88 /* QuartzCore.framework in Frameworks */ = {isa = PBXBuildFile; fileRef = 99BBDAEF15BB699E00332C88 /* QuartzCore.framework */; };
		99BBDAF315BB6A8800332C88 /* Mask.png in Resources */ = {isa = PBXBuildFile; fileRef = 99BBDAF115BB6A8800332C88 /* Mask.png */; };
		99BBDAF415BB6A8800332C88 /* Mask@2x.png in Resources */ = {isa = PBXBuildFile; fileRef = 99BBDAF215BB6A8800332C88 /* Mask@2x.png */; };
		99BBDAF815BB709800332C88 /* LCQuest.m in Sources */ = {isa = PBXBuildFile; fileRef = 99BBDAF715BB709800332C88 /* LCQuest.m */; };
		99D57E7815BBB3EA00B79F22 /* LCLoginController.m in Sources */ = {isa = PBXBuildFile; fileRef = 99D57E7615BBB3EA00B79F22 /* LCLoginController.m */; };
		99D57E7915BBB3EA00B79F22 /* LCLoginController.xib in Resources */ = {isa = PBXBuildFile; fileRef = 99D57E7715BBB3EA00B79F22 /* LCLoginController.xib */; };
/* End PBXBuildFile section */

/* Begin PBXFileReference section */
		4E584A651DE34ABBBBE9979B /* libPods.a */ = {isa = PBXFileReference; explicitFileType = archive.ar; includeInIndex = 0; path = libPods.a; sourceTree = BUILT_PRODUCTS_DIR; };
		99015ACB15BB7BB9007F50D2 /* QuestArrow@2x.png */ = {isa = PBXFileReference; lastKnownFileType = image.png; path = "QuestArrow@2x.png"; sourceTree = "<group>"; };
		99015ACE15BB7D86007F50D2 /* LCUser.h */ = {isa = PBXFileReference; fileEncoding = 4; lastKnownFileType = sourcecode.c.h; path = LCUser.h; sourceTree = "<group>"; };
		99015ACF15BB7D86007F50D2 /* LCUser.m */ = {isa = PBXFileReference; fileEncoding = 4; lastKnownFileType = sourcecode.c.objc; path = LCUser.m; sourceTree = "<group>"; };
		99066D3B15BB82910034528D /* LCUserView.h */ = {isa = PBXFileReference; fileEncoding = 4; lastKnownFileType = sourcecode.c.h; path = LCUserView.h; sourceTree = "<group>"; };
		99066D3C15BB82910034528D /* LCUserView.m */ = {isa = PBXFileReference; fileEncoding = 4; lastKnownFileType = sourcecode.c.objc; path = LCUserView.m; sourceTree = "<group>"; };
		99066D4015BB83410034528D /* NSString+Utils.h */ = {isa = PBXFileReference; fileEncoding = 4; lastKnownFileType = sourcecode.c.h; path = "NSString+Utils.h"; sourceTree = "<group>"; };
		99066D4115BB83410034528D /* NSString+Utils.m */ = {isa = PBXFileReference; fileEncoding = 4; lastKnownFileType = sourcecode.c.objc; path = "NSString+Utils.m"; sourceTree = "<group>"; };
		99066D4315BB89970034528D /* Circle@2x.png */ = {isa = PBXFileReference; lastKnownFileType = image.png; path = "Circle@2x.png"; sourceTree = "<group>"; };
		99066D5315BB8B8E0034528D /* VTUtil.h */ = {isa = PBXFileReference; fileEncoding = 4; lastKnownFileType = sourcecode.c.h; path = VTUtil.h; sourceTree = "<group>"; };
		99066D5415BB91540034528D /* LCQuestController.h */ = {isa = PBXFileReference; fileEncoding = 4; lastKnownFileType = sourcecode.c.h; path = LCQuestController.h; sourceTree = "<group>"; };
		99066D5515BB91540034528D /* LCQuestController.m */ = {isa = PBXFileReference; fileEncoding = 4; lastKnownFileType = sourcecode.c.objc; path = LCQuestController.m; sourceTree = "<group>"; };
		99066D5615BB91540034528D /* LCQuestController.xib */ = {isa = PBXFileReference; fileEncoding = 4; lastKnownFileType = file.xib; path = LCQuestController.xib; sourceTree = "<group>"; };
		99066D6415BB98380034528D /* LCNavigationBar.h */ = {isa = PBXFileReference; fileEncoding = 4; lastKnownFileType = sourcecode.c.h; path = LCNavigationBar.h; sourceTree = "<group>"; };
		99066D6515BB98380034528D /* LCNavigationBar.m */ = {isa = PBXFileReference; fileEncoding = 4; lastKnownFileType = sourcecode.c.objc; path = LCNavigationBar.m; sourceTree = "<group>"; };
		99066D6715BB988B0034528D /* Bar@2x.png */ = {isa = PBXFileReference; lastKnownFileType = image.png; path = "Bar@2x.png"; sourceTree = "<group>"; };
		99066D6915BB9AC90034528D /* Level@2x.png */ = {isa = PBXFileReference; lastKnownFileType = image.png; path = "Level@2x.png"; sourceTree = "<group>"; };
		99066D6B15BB9C380034528D /* LCDataContext.h */ = {isa = PBXFileReference; fileEncoding = 4; lastKnownFileType = sourcecode.c.h; path = LCDataContext.h; sourceTree = "<group>"; };
		99066D6C15BB9C380034528D /* LCDataContext.m */ = {isa = PBXFileReference; fileEncoding = 4; lastKnownFileType = sourcecode.c.objc; path = LCDataContext.m; sourceTree = "<group>"; };
		99066D7015BBA0FA0034528D /* LCQuestsList.h */ = {isa = PBXFileReference; fileEncoding = 4; lastKnownFileType = sourcecode.c.h; path = LCQuestsList.h; sourceTree = "<group>"; };
		99066D7115BBA0FA0034528D /* LCQuestsList.m */ = {isa = PBXFileReference; fileEncoding = 4; lastKnownFileType = sourcecode.c.objc; path = LCQuestsList.m; sourceTree = "<group>"; };
		99066D7215BBA0FA0034528D /* LCQuestsList.xib */ = {isa = PBXFileReference; fileEncoding = 4; lastKnownFileType = file.xib; path = LCQuestsList.xib; sourceTree = "<group>"; };
		99066D7C15BBA2190034528D /* LCQuestCell.h */ = {isa = PBXFileReference; fileEncoding = 4; lastKnownFileType = sourcecode.c.h; path = LCQuestCell.h; sourceTree = "<group>"; };
		99066D7D15BBA21A0034528D /* LCQuestCell.m */ = {isa = PBXFileReference; fileEncoding = 4; lastKnownFileType = sourcecode.c.objc; path = LCQuestCell.m; sourceTree = "<group>"; };
		9922790D15BC42DD004B9F6B /* Background@2x.png */ = {isa = PBXFileReference; lastKnownFileType = image.png; path = "Background@2x.png"; sourceTree = "<group>"; };
		9922791015BC433F004B9F6B /* InputBackground@2x.png */ = {isa = PBXFileReference; lastKnownFileType = image.png; path = "InputBackground@2x.png"; sourceTree = "<group>"; };
		9922791115BC433F004B9F6B /* InputBackground.png */ = {isa = PBXFileReference; lastKnownFileType = image.png; path = InputBackground.png; sourceTree = "<group>"; };
		9922791415BC43E9004B9F6B /* Button@2x.png */ = {isa = PBXFileReference; lastKnownFileType = image.png; path = "Button@2x.png"; sourceTree = "<group>"; };
		9922791515BC43E9004B9F6B /* Button.png */ = {isa = PBXFileReference; lastKnownFileType = image.png; path = Button.png; sourceTree = "<group>"; };
		9922791815BC461E004B9F6B /* BottomBar@2x.png */ = {isa = PBXFileReference; lastKnownFileType = image.png; path = "BottomBar@2x.png"; sourceTree = "<group>"; };
		9922791A15BC46E4004B9F6B /* BarButton@2x.png */ = {isa = PBXFileReference; lastKnownFileType = image.png; path = "BarButton@2x.png"; sourceTree = "<group>"; };
		993A060815BB751B00EB93FF /* Quest@2x.png */ = {isa = PBXFileReference; lastKnownFileType = image.png; path = "Quest@2x.png"; sourceTree = "<group>"; };
		995C7E9D15BB5B630066D8D5 /* LCMapController.h */ = {isa = PBXFileReference; fileEncoding = 4; lastKnownFileType = sourcecode.c.h; path = LCMapController.h; sourceTree = "<group>"; };
		995C7E9E15BB5B630066D8D5 /* LCMapController.m */ = {isa = PBXFileReference; fileEncoding = 4; lastKnownFileType = sourcecode.c.objc; path = LCMapController.m; sourceTree = "<group>"; };
		995C7E9F15BB5B630066D8D5 /* LCMapController.xib */ = {isa = PBXFileReference; fileEncoding = 4; lastKnownFileType = file.xib; path = LCMapController.xib; sourceTree = "<group>"; };
		995C7EA515BB5D730066D8D5 /* MapKit.framework */ = {isa = PBXFileReference; lastKnownFileType = wrapper.framework; name = MapKit.framework; path = System/Library/Frameworks/MapKit.framework; sourceTree = SDKROOT; };
		995C7EAE15BB603D0066D8D5 /* CoreLocation.framework */ = {isa = PBXFileReference; lastKnownFileType = wrapper.framework; name = CoreLocation.framework; path = System/Library/Frameworks/CoreLocation.framework; sourceTree = SDKROOT; };
		997449CE15BB5A640022EFF4 /* Lifecraft.app */ = {isa = PBXFileReference; explicitFileType = wrapper.application; includeInIndex = 0; path = Lifecraft.app; sourceTree = BUILT_PRODUCTS_DIR; };
		997449D215BB5A640022EFF4 /* UIKit.framework */ = {isa = PBXFileReference; lastKnownFileType = wrapper.framework; name = UIKit.framework; path = System/Library/Frameworks/UIKit.framework; sourceTree = SDKROOT; };
		997449D415BB5A640022EFF4 /* Foundation.framework */ = {isa = PBXFileReference; lastKnownFileType = wrapper.framework; name = Foundation.framework; path = System/Library/Frameworks/Foundation.framework; sourceTree = SDKROOT; };
		997449D615BB5A640022EFF4 /* CoreGraphics.framework */ = {isa = PBXFileReference; lastKnownFileType = wrapper.framework; name = CoreGraphics.framework; path = System/Library/Frameworks/CoreGraphics.framework; sourceTree = SDKROOT; };
		997449DA15BB5A640022EFF4 /* Lifecraft-Info.plist */ = {isa = PBXFileReference; lastKnownFileType = text.plist.xml; path = "Lifecraft-Info.plist"; sourceTree = "<group>"; };
		997449DC15BB5A640022EFF4 /* en */ = {isa = PBXFileReference; lastKnownFileType = text.plist.strings; name = en; path = en.lproj/InfoPlist.strings; sourceTree = "<group>"; };
		997449DE15BB5A640022EFF4 /* main.m */ = {isa = PBXFileReference; lastKnownFileType = sourcecode.c.objc; path = main.m; sourceTree = "<group>"; };
		997449E015BB5A640022EFF4 /* Lifecraft-Prefix.pch */ = {isa = PBXFileReference; lastKnownFileType = sourcecode.c.h; path = "Lifecraft-Prefix.pch"; sourceTree = "<group>"; };
		997449E115BB5A640022EFF4 /* LCAppDelegate.h */ = {isa = PBXFileReference; lastKnownFileType = sourcecode.c.h; path = LCAppDelegate.h; sourceTree = "<group>"; };
		997449E215BB5A640022EFF4 /* LCAppDelegate.m */ = {isa = PBXFileReference; lastKnownFileType = sourcecode.c.objc; path = LCAppDelegate.m; sourceTree = "<group>"; };
		99A4373715BB773A004BF2C7 /* LCQuestView.h */ = {isa = PBXFileReference; fileEncoding = 4; lastKnownFileType = sourcecode.c.h; path = LCQuestView.h; sourceTree = "<group>"; };
		99A4373815BB773A004BF2C7 /* LCQuestView.m */ = {isa = PBXFileReference; fileEncoding = 4; lastKnownFileType = sourcecode.c.objc; path = LCQuestView.m; sourceTree = "<group>"; };
		99BBDAE915BB664D00332C88 /* placeholder.jpg */ = {isa = PBXFileReference; lastKnownFileType = image.jpeg; path = placeholder.jpg; sourceTree = "<group>"; };
		99BBDAEF15BB699E00332C88 /* QuartzCore.framework */ = {isa = PBXFileReference; lastKnownFileType = wrapper.framework; name = QuartzCore.framework; path = System/Library/Frameworks/QuartzCore.framework; sourceTree = SDKROOT; };
		99BBDAF115BB6A8800332C88 /* Mask.png */ = {isa = PBXFileReference; lastKnownFileType = image.png; path = Mask.png; sourceTree = "<group>"; };
		99BBDAF215BB6A8800332C88 /* Mask@2x.png */ = {isa = PBXFileReference; lastKnownFileType = image.png; path = "Mask@2x.png"; sourceTree = "<group>"; };
		99BBDAF615BB709800332C88 /* LCQuest.h */ = {isa = PBXFileReference; fileEncoding = 4; lastKnownFileType = sourcecode.c.h; path = LCQuest.h; sourceTree = "<group>"; };
		99BBDAF715BB709800332C88 /* LCQuest.m */ = {isa = PBXFileReference; fileEncoding = 4; lastKnownFileType = sourcecode.c.objc; path = LCQuest.m; sourceTree = "<group>"; };
		99D57E7515BBB3EA00B79F22 /* LCLoginController.h */ = {isa = PBXFileReference; fileEncoding = 4; lastKnownFileType = sourcecode.c.h; path = LCLoginController.h; sourceTree = "<group>"; };
		99D57E7615BBB3EA00B79F22 /* LCLoginController.m */ = {isa = PBXFileReference; fileEncoding = 4; lastKnownFileType = sourcecode.c.objc; path = LCLoginController.m; sourceTree = "<group>"; };
		99D57E7715BBB3EA00B79F22 /* LCLoginController.xib */ = {isa = PBXFileReference; fileEncoding = 4; lastKnownFileType = file.xib; path = LCLoginController.xib; sourceTree = "<group>"; };
		D9586312057F4136801A5B49 /* Pods.xcconfig */ = {isa = PBXFileReference; lastKnownFileType = text.xcconfig; name = Pods.xcconfig; path = Pods/Pods.xcconfig; sourceTree = SOURCE_ROOT; };
/* End PBXFileReference section */

/* Begin PBXFrameworksBuildPhase section */
		997449CB15BB5A640022EFF4 /* Frameworks */ = {
			isa = PBXFrameworksBuildPhase;
			buildActionMask = 2147483647;
			files = (
				99BBDAF015BB699E00332C88 /* QuartzCore.framework in Frameworks */,
				995C7EAF15BB603D0066D8D5 /* CoreLocation.framework in Frameworks */,
				995C7EA615BB5D730066D8D5 /* MapKit.framework in Frameworks */,
				997449D315BB5A640022EFF4 /* UIKit.framework in Frameworks */,
				997449D515BB5A640022EFF4 /* Foundation.framework in Frameworks */,
				997449D715BB5A640022EFF4 /* CoreGraphics.framework in Frameworks */,
				8D3199AD43224FD4B755C2CF /* libPods.a in Frameworks */,
			);
			runOnlyForDeploymentPostprocessing = 0;
		};
/* End PBXFrameworksBuildPhase section */

/* Begin PBXGroup section */
		99066D3F15BB83170034528D /* Other */ = {
			isa = PBXGroup;
			children = (
				99066D4015BB83410034528D /* NSString+Utils.h */,
				99066D4115BB83410034528D /* NSString+Utils.m */,
				99066D5315BB8B8E0034528D /* VTUtil.h */,
			);
			name = Other;
			sourceTree = "<group>";
		};
		995C7EA315BB5B680066D8D5 /* Map */ = {
			isa = PBXGroup;
			children = (
				995C7E9D15BB5B630066D8D5 /* LCMapController.h */,
				995C7E9E15BB5B630066D8D5 /* LCMapController.m */,
				995C7E9F15BB5B630066D8D5 /* LCMapController.xib */,
			);
			name = Map;
			sourceTree = "<group>";
		};
		995C7EA415BB5B6C0066D8D5 /* Controllers */ = {
			isa = PBXGroup;
			children = (
				995C7EA315BB5B680066D8D5 /* Map */,
				99066D5415BB91540034528D /* LCQuestController.h */,
				99066D5515BB91540034528D /* LCQuestController.m */,
				99066D5615BB91540034528D /* LCQuestController.xib */,
				99066D7015BBA0FA0034528D /* LCQuestsList.h */,
				99066D7115BBA0FA0034528D /* LCQuestsList.m */,
				99066D7215BBA0FA0034528D /* LCQuestsList.xib */,
				99D57E7515BBB3EA00B79F22 /* LCLoginController.h */,
				99D57E7615BBB3EA00B79F22 /* LCLoginController.m */,
				99D57E7715BBB3EA00B79F22 /* LCLoginController.xib */,
			);
			name = Controllers;
			sourceTree = "<group>";
		};
		997449C315BB5A640022EFF4 = {
			isa = PBXGroup;
			children = (
				99BBDAEF15BB699E00332C88 /* QuartzCore.framework */,
				995C7EAE15BB603D0066D8D5 /* CoreLocation.framework */,
				995C7EA515BB5D730066D8D5 /* MapKit.framework */,
				997449D815BB5A640022EFF4 /* Lifecraft */,
				997449D115BB5A640022EFF4 /* Frameworks */,
				997449CF15BB5A640022EFF4 /* Products */,
				D9586312057F4136801A5B49 /* Pods.xcconfig */,
			);
			sourceTree = "<group>";
		};
		997449CF15BB5A640022EFF4 /* Products */ = {
			isa = PBXGroup;
			children = (
				997449CE15BB5A640022EFF4 /* Lifecraft.app */,
			);
			name = Products;
			sourceTree = "<group>";
		};
		997449D115BB5A640022EFF4 /* Frameworks */ = {
			isa = PBXGroup;
			children = (
				997449D215BB5A640022EFF4 /* UIKit.framework */,
				997449D415BB5A640022EFF4 /* Foundation.framework */,
				997449D615BB5A640022EFF4 /* CoreGraphics.framework */,
				4E584A651DE34ABBBBE9979B /* libPods.a */,
			);
			name = Frameworks;
			sourceTree = "<group>";
		};
		997449D815BB5A640022EFF4 /* Lifecraft */ = {
			isa = PBXGroup;
			children = (
				99066D3F15BB83170034528D /* Other */,
				99A4373515BB772D004BF2C7 /* Views */,
				99BBDAF515BB705400332C88 /* Models */,
				99BBDAE715BB65F900332C88 /* Resources */,
				997449E115BB5A640022EFF4 /* LCAppDelegate.h */,
				997449E215BB5A640022EFF4 /* LCAppDelegate.m */,
				997449D915BB5A640022EFF4 /* Supporting Files */,
				995C7EA415BB5B6C0066D8D5 /* Controllers */,
			);
			path = Lifecraft;
			sourceTree = "<group>";
		};
		997449D915BB5A640022EFF4 /* Supporting Files */ = {
			isa = PBXGroup;
			children = (
				997449DA15BB5A640022EFF4 /* Lifecraft-Info.plist */,
				997449DB15BB5A640022EFF4 /* InfoPlist.strings */,
				997449DE15BB5A640022EFF4 /* main.m */,
				997449E015BB5A640022EFF4 /* Lifecraft-Prefix.pch */,
			);
			name = "Supporting Files";
			sourceTree = "<group>";
		};
		99A4373515BB772D004BF2C7 /* Views */ = {
			isa = PBXGroup;
			children = (
				99A4373715BB773A004BF2C7 /* LCQuestView.h */,
				99A4373815BB773A004BF2C7 /* LCQuestView.m */,
				99066D3B15BB82910034528D /* LCUserView.h */,
				99066D3C15BB82910034528D /* LCUserView.m */,
				99066D6415BB98380034528D /* LCNavigationBar.h */,
				99066D6515BB98380034528D /* LCNavigationBar.m */,
				99066D7C15BBA2190034528D /* LCQuestCell.h */,
				99066D7D15BBA21A0034528D /* LCQuestCell.m */,
			);
			name = Views;
			sourceTree = "<group>";
		};
		99BBDAE715BB65F900332C88 /* Resources */ = {
			isa = PBXGroup;
			children = (
				99BBDAF115BB6A8800332C88 /* Mask.png */,
				99BBDAF215BB6A8800332C88 /* Mask@2x.png */,
				99BBDAE915BB664D00332C88 /* placeholder.jpg */,
				993A060815BB751B00EB93FF /* Quest@2x.png */,
				99015ACB15BB7BB9007F50D2 /* QuestArrow@2x.png */,
				99066D4315BB89970034528D /* Circle@2x.png */,
				99066D6715BB988B0034528D /* Bar@2x.png */,
				99066D6915BB9AC90034528D /* Level@2x.png */,
				9922790D15BC42DD004B9F6B /* Background@2x.png */,
				9922791015BC433F004B9F6B /* InputBackground@2x.png */,
				9922791115BC433F004B9F6B /* InputBackground.png */,
				9922791415BC43E9004B9F6B /* Button@2x.png */,
				9922791515BC43E9004B9F6B /* Button.png */,
				9922791815BC461E004B9F6B /* BottomBar@2x.png */,
				9922791A15BC46E4004B9F6B /* BarButton@2x.png */,
			);
			name = Resources;
			sourceTree = "<group>";
		};
		99BBDAF515BB705400332C88 /* Models */ = {
			isa = PBXGroup;
			children = (
				99BBDAF615BB709800332C88 /* LCQuest.h */,
				99BBDAF715BB709800332C88 /* LCQuest.m */,
				99015ACE15BB7D86007F50D2 /* LCUser.h */,
				99015ACF15BB7D86007F50D2 /* LCUser.m */,
				99066D6B15BB9C380034528D /* LCDataContext.h */,
				99066D6C15BB9C380034528D /* LCDataContext.m */,
			);
			name = Models;
			sourceTree = "<group>";
		};
/* End PBXGroup section */

/* Begin PBXNativeTarget section */
		997449CD15BB5A640022EFF4 /* Lifecraft */ = {
			isa = PBXNativeTarget;
			buildConfigurationList = 997449E615BB5A640022EFF4 /* Build configuration list for PBXNativeTarget "Lifecraft" */;
			buildPhases = (
				997449CA15BB5A640022EFF4 /* Sources */,
				997449CB15BB5A640022EFF4 /* Frameworks */,
				997449CC15BB5A640022EFF4 /* Resources */,
				00A1680E3B70469088FC7CD8 /* Copy Pods Resources */,
			);
			buildRules = (
			);
			dependencies = (
			);
			name = Lifecraft;
			productName = Lifecraft;
			productReference = 997449CE15BB5A640022EFF4 /* Lifecraft.app */;
			productType = "com.apple.product-type.application";
		};
/* End PBXNativeTarget section */

/* Begin PBXProject section */
		997449C515BB5A640022EFF4 /* Project object */ = {
			isa = PBXProject;
			attributes = {
				CLASSPREFIX = LC;
				LastUpgradeCheck = 0430;
			};
			buildConfigurationList = 997449C815BB5A640022EFF4 /* Build configuration list for PBXProject "Lifecraft" */;
			compatibilityVersion = "Xcode 3.2";
			developmentRegion = English;
			hasScannedForEncodings = 0;
			knownRegions = (
				en,
			);
			mainGroup = 997449C315BB5A640022EFF4;
			productRefGroup = 997449CF15BB5A640022EFF4 /* Products */;
			projectDirPath = "";
			projectRoot = "";
			targets = (
				997449CD15BB5A640022EFF4 /* Lifecraft */,
			);
		};
/* End PBXProject section */

/* Begin PBXResourcesBuildPhase section */
		997449CC15BB5A640022EFF4 /* Resources */ = {
			isa = PBXResourcesBuildPhase;
			buildActionMask = 2147483647;
			files = (
				997449DD15BB5A640022EFF4 /* InfoPlist.strings in Resources */,
				995C7EA115BB5B630066D8D5 /* LCMapController.xib in Resources */,
				99BBDAEA15BB664D00332C88 /* placeholder.jpg in Resources */,
				99BBDAF315BB6A8800332C88 /* Mask.png in Resources */,
				99BBDAF415BB6A8800332C88 /* Mask@2x.png in Resources */,
				993A060915BB751B00EB93FF /* Quest@2x.png in Resources */,
				99015ACC15BB7BB9007F50D2 /* QuestArrow@2x.png in Resources */,
				99066D4415BB89970034528D /* Circle@2x.png in Resources */,
				99066D5815BB91540034528D /* LCQuestController.xib in Resources */,
				99066D6815BB988B0034528D /* Bar@2x.png in Resources */,
				99066D6A15BB9AC90034528D /* Level@2x.png in Resources */,
				99066D7415BBA0FA0034528D /* LCQuestsList.xib in Resources */,
				99D57E7915BBB3EA00B79F22 /* LCLoginController.xib in Resources */,
				9922790E15BC42DD004B9F6B /* Background@2x.png in Resources */,
				9922791215BC433F004B9F6B /* InputBackground@2x.png in Resources */,
				9922791315BC433F004B9F6B /* InputBackground.png in Resources */,
				9922791615BC43E9004B9F6B /* Button@2x.png in Resources */,
				9922791715BC43E9004B9F6B /* Button.png in Resources */,
				9922791915BC461E004B9F6B /* BottomBar@2x.png in Resources */,
				9922791B15BC46E4004B9F6B /* BarButton@2x.png in Resources */,
			);
			runOnlyForDeploymentPostprocessing = 0;
		};
/* End PBXResourcesBuildPhase section */

/* Begin PBXShellScriptBuildPhase section */
		00A1680E3B70469088FC7CD8 /* Copy Pods Resources */ = {
			isa = PBXShellScriptBuildPhase;
			buildActionMask = 2147483647;
			files = (
			);
			inputPaths = (
			);
			name = "Copy Pods Resources";
			outputPaths = (
			);
			runOnlyForDeploymentPostprocessing = 0;
			shellPath = /bin/sh;
			shellScript = "\"${SRCROOT}/Pods/Pods-resources.sh\"\n";
		};
/* End PBXShellScriptBuildPhase section */

/* Begin PBXSourcesBuildPhase section */
		997449CA15BB5A640022EFF4 /* Sources */ = {
			isa = PBXSourcesBuildPhase;
			buildActionMask = 2147483647;
			files = (
				997449DF15BB5A640022EFF4 /* main.m in Sources */,
				997449E315BB5A640022EFF4 /* LCAppDelegate.m in Sources */,
				995C7EA015BB5B630066D8D5 /* LCMapController.m in Sources */,
				99BBDAF815BB709800332C88 /* LCQuest.m in Sources */,
				99A4373915BB773A004BF2C7 /* LCQuestView.m in Sources */,
				99015AD015BB7D86007F50D2 /* LCUser.m in Sources */,
				99066D3D15BB82910034528D /* LCUserView.m in Sources */,
				99066D4215BB83410034528D /* NSString+Utils.m in Sources */,
				99066D5715BB91540034528D /* LCQuestController.m in Sources */,
				99066D6615BB98380034528D /* LCNavigationBar.m in Sources */,
				99066D6D15BB9C380034528D /* LCDataContext.m in Sources */,
				99066D7315BBA0FA0034528D /* LCQuestsList.m in Sources */,
				99066D7E15BBA21A0034528D /* LCQuestCell.m in Sources */,
				99D57E7815BBB3EA00B79F22 /* LCLoginController.m in Sources */,
			);
			runOnlyForDeploymentPostprocessing = 0;
		};
/* End PBXSourcesBuildPhase section */

/* Begin PBXVariantGroup section */
		997449DB15BB5A640022EFF4 /* InfoPlist.strings */ = {
			isa = PBXVariantGroup;
			children = (
				997449DC15BB5A640022EFF4 /* en */,
			);
			name = InfoPlist.strings;
			sourceTree = "<group>";
		};
/* End PBXVariantGroup section */

/* Begin XCBuildConfiguration section */
		997449E415BB5A640022EFF4 /* Debug */ = {
			isa = XCBuildConfiguration;
			buildSettings = {
				ALWAYS_SEARCH_USER_PATHS = NO;
				ARCHS = "$(ARCHS_STANDARD_32_BIT)";
				CLANG_ENABLE_OBJC_ARC = YES;
				"CODE_SIGN_IDENTITY[sdk=iphoneos*]" = "iPhone Developer";
				COPY_PHASE_STRIP = NO;
				GCC_C_LANGUAGE_STANDARD = gnu99;
				GCC_DYNAMIC_NO_PIC = NO;
				GCC_OPTIMIZATION_LEVEL = 0;
				GCC_PREPROCESSOR_DEFINITIONS = (
					"DEBUG=1",
					"$(inherited)",
				);
				GCC_SYMBOLS_PRIVATE_EXTERN = NO;
				GCC_VERSION = com.apple.compilers.llvm.clang.1_0;
				GCC_WARN_ABOUT_RETURN_TYPE = YES;
				GCC_WARN_UNINITIALIZED_AUTOS = YES;
				GCC_WARN_UNUSED_VARIABLE = YES;
				IPHONEOS_DEPLOYMENT_TARGET = 5.1;
				SDKROOT = iphoneos;
			};
			name = Debug;
		};
		997449E515BB5A640022EFF4 /* Release */ = {
			isa = XCBuildConfiguration;
			buildSettings = {
				ALWAYS_SEARCH_USER_PATHS = NO;
				ARCHS = "$(ARCHS_STANDARD_32_BIT)";
				CLANG_ENABLE_OBJC_ARC = YES;
				"CODE_SIGN_IDENTITY[sdk=iphoneos*]" = "iPhone Developer";
				COPY_PHASE_STRIP = YES;
				GCC_C_LANGUAGE_STANDARD = gnu99;
				GCC_VERSION = com.apple.compilers.llvm.clang.1_0;
				GCC_WARN_ABOUT_RETURN_TYPE = YES;
				GCC_WARN_UNINITIALIZED_AUTOS = YES;
				GCC_WARN_UNUSED_VARIABLE = YES;
				IPHONEOS_DEPLOYMENT_TARGET = 5.1;
				OTHER_CFLAGS = "-DNS_BLOCK_ASSERTIONS=1";
				SDKROOT = iphoneos;
				VALIDATE_PRODUCT = YES;
			};
			name = Release;
		};
		997449E715BB5A640022EFF4 /* Debug */ = {
			isa = XCBuildConfiguration;
			baseConfigurationReference = D9586312057F4136801A5B49 /* Pods.xcconfig */;
			buildSettings = {
				DSTROOT = /tmp/xcodeproj.dst;
				GCC_PRECOMPILE_PREFIX_HEADER = YES;
				GCC_PREFIX_HEADER = "Lifecraft/Lifecraft-Prefix.pch";
				GCC_VERSION = com.apple.compilers.llvm.clang.1_0;
				INFOPLIST_FILE = "Lifecraft/Lifecraft-Info.plist";
				PRODUCT_NAME = "$(TARGET_NAME)";
				SKIP_INSTALL = YES;
				WRAPPER_EXTENSION = app;
			};
			name = Debug;
		};
		997449E815BB5A640022EFF4 /* Release */ = {
			isa = XCBuildConfiguration;
			baseConfigurationReference = D9586312057F4136801A5B49 /* Pods.xcconfig */;
			buildSettings = {
				DSTROOT = /tmp/xcodeproj.dst;
				GCC_PRECOMPILE_PREFIX_HEADER = YES;
				GCC_PREFIX_HEADER = "Lifecraft/Lifecraft-Prefix.pch";
				GCC_VERSION = com.apple.compilers.llvm.clang.1_0;
				INFOPLIST_FILE = "Lifecraft/Lifecraft-Info.plist";
				PRODUCT_NAME = "$(TARGET_NAME)";
				SKIP_INSTALL = YES;
				WRAPPER_EXTENSION = app;
			};
			name = Release;
		};
/* End XCBuildConfiguration section */

/* Begin XCConfigurationList section */
		997449C815BB5A640022EFF4 /* Build configuration list for PBXProject "Lifecraft" */ = {
			isa = XCConfigurationList;
			buildConfigurations = (
				997449E415BB5A640022EFF4 /* Debug */,
				997449E515BB5A640022EFF4 /* Release */,
			);
			defaultConfigurationIsVisible = 0;
			defaultConfigurationName = Release;
		};
		997449E615BB5A640022EFF4 /* Build configuration list for PBXNativeTarget "Lifecraft" */ = {
			isa = XCConfigurationList;
			buildConfigurations = (
				997449E715BB5A640022EFF4 /* Debug */,
				997449E815BB5A640022EFF4 /* Release */,
			);
			defaultConfigurationIsVisible = 0;
			defaultConfigurationName = Release;
		};
/* End XCConfigurationList section */
	};
	rootObject = 997449C515BB5A640022EFF4 /* Project object */;
}
