<?xml version="1.0" encoding="UTF-8"?>
<!DOCTYPE plist PUBLIC "-//Apple//DTD PLIST 1.0//EN" "http://www.apple.com/DTDs/PropertyList-1.0.dtd">
<plist version="1.0">
<dict>
	<key>archiveVersion</key>
	<string>1</string>
	<key>classes</key>
	<dict/>
	<key>objectVersion</key>
	<string>46</string>
	<key>objects</key>
	<dict>
		<key>00A1680E3B70469088FC7CD8</key>
		<dict>
			<key>buildActionMask</key>
			<string>2147483647</string>
			<key>files</key>
			<array/>
			<key>inputPaths</key>
			<array/>
			<key>isa</key>
			<string>PBXShellScriptBuildPhase</string>
			<key>name</key>
			<string>Copy Pods Resources</string>
			<key>outputPaths</key>
			<array/>
			<key>runOnlyForDeploymentPostprocessing</key>
			<string>0</string>
			<key>shellPath</key>
			<string>/bin/sh</string>
			<key>shellScript</key>
			<string>"${SRCROOT}/Pods/Pods-resources.sh"
</string>
		</dict>
		<key>4E584A651DE34ABBBBE9979B</key>
		<dict>
			<key>explicitFileType</key>
			<string>archive.ar</string>
			<key>includeInIndex</key>
			<string>0</string>
			<key>isa</key>
			<string>PBXFileReference</string>
			<key>name</key>
			<string>libPods.a</string>
			<key>path</key>
			<string>libPods.a</string>
			<key>sourceTree</key>
			<string>BUILT_PRODUCTS_DIR</string>
		</dict>
		<key>8D3199AD43224FD4B755C2CF</key>
		<dict>
			<key>fileRef</key>
			<string>4E584A651DE34ABBBBE9979B</string>
			<key>isa</key>
			<string>PBXBuildFile</string>
		</dict>
		<key>995C7E9D15BB5B630066D8D5</key>
		<dict>
			<key>fileEncoding</key>
			<string>4</string>
			<key>isa</key>
			<string>PBXFileReference</string>
			<key>lastKnownFileType</key>
			<string>sourcecode.c.h</string>
			<key>name</key>
			<string>LCMapController.h</string>
			<key>path</key>
			<string>LCMapController.h</string>
			<key>sourceTree</key>
			<string>&lt;group&gt;</string>
		</dict>
		<key>995C7E9E15BB5B630066D8D5</key>
		<dict>
			<key>fileEncoding</key>
			<string>4</string>
			<key>isa</key>
			<string>PBXFileReference</string>
			<key>lastKnownFileType</key>
			<string>sourcecode.c.objc</string>
			<key>name</key>
			<string>LCMapController.m</string>
			<key>path</key>
			<string>LCMapController.m</string>
			<key>sourceTree</key>
			<string>&lt;group&gt;</string>
		</dict>
		<key>995C7E9F15BB5B630066D8D5</key>
		<dict>
			<key>fileEncoding</key>
			<string>4</string>
			<key>isa</key>
			<string>PBXFileReference</string>
			<key>lastKnownFileType</key>
			<string>file.xib</string>
			<key>name</key>
			<string>LCMapController.xib</string>
			<key>path</key>
			<string>LCMapController.xib</string>
			<key>sourceTree</key>
			<string>&lt;group&gt;</string>
		</dict>
		<key>995C7EA015BB5B630066D8D5</key>
		<dict>
			<key>fileRef</key>
			<string>995C7E9E15BB5B630066D8D5</string>
			<key>isa</key>
			<string>PBXBuildFile</string>
		</dict>
		<key>995C7EA115BB5B630066D8D5</key>
		<dict>
			<key>fileRef</key>
			<string>995C7E9F15BB5B630066D8D5</string>
			<key>isa</key>
			<string>PBXBuildFile</string>
		</dict>
		<key>995C7EA315BB5B680066D8D5</key>
		<dict>
			<key>children</key>
			<array>
				<string>995C7E9D15BB5B630066D8D5</string>
				<string>995C7E9E15BB5B630066D8D5</string>
				<string>995C7E9F15BB5B630066D8D5</string>
			</array>
			<key>isa</key>
			<string>PBXGroup</string>
			<key>name</key>
			<string>Map</string>
			<key>sourceTree</key>
			<string>&lt;group&gt;</string>
		</dict>
		<key>995C7EA415BB5B6C0066D8D5</key>
		<dict>
			<key>children</key>
			<array>
				<string>995C7EA315BB5B680066D8D5</string>
			</array>
			<key>isa</key>
			<string>PBXGroup</string>
			<key>name</key>
			<string>Controllers</string>
			<key>sourceTree</key>
			<string>&lt;group&gt;</string>
		</dict>
		<key>995C7EA515BB5D730066D8D5</key>
		<dict>
			<key>isa</key>
			<string>PBXFileReference</string>
			<key>lastKnownFileType</key>
			<string>wrapper.framework</string>
			<key>name</key>
			<string>MapKit.framework</string>
			<key>path</key>
			<string>System/Library/Frameworks/MapKit.framework</string>
			<key>sourceTree</key>
			<string>SDKROOT</string>
		</dict>
		<key>995C7EA615BB5D730066D8D5</key>
		<dict>
			<key>fileRef</key>
			<string>995C7EA515BB5D730066D8D5</string>
			<key>isa</key>
			<string>PBXBuildFile</string>
		</dict>
		<key>995C7EAE15BB603D0066D8D5</key>
		<dict>
			<key>isa</key>
			<string>PBXFileReference</string>
			<key>lastKnownFileType</key>
			<string>wrapper.framework</string>
			<key>name</key>
			<string>CoreLocation.framework</string>
			<key>path</key>
			<string>System/Library/Frameworks/CoreLocation.framework</string>
			<key>sourceTree</key>
			<string>SDKROOT</string>
		</dict>
		<key>995C7EAF15BB603D0066D8D5</key>
		<dict>
			<key>fileRef</key>
			<string>995C7EAE15BB603D0066D8D5</string>
			<key>isa</key>
			<string>PBXBuildFile</string>
		</dict>
		<key>997449C315BB5A640022EFF4</key>
		<dict>
			<key>children</key>
			<array>
				<string>995C7EAE15BB603D0066D8D5</string>
				<string>995C7EA515BB5D730066D8D5</string>
				<string>997449D815BB5A640022EFF4</string>
				<string>997449D115BB5A640022EFF4</string>
				<string>997449CF15BB5A640022EFF4</string>
				<string>D9586312057F4136801A5B49</string>
			</array>
			<key>isa</key>
			<string>PBXGroup</string>
			<key>sourceTree</key>
			<string>&lt;group&gt;</string>
		</dict>
		<key>997449C515BB5A640022EFF4</key>
		<dict>
			<key>attributes</key>
			<dict>
				<key>CLASSPREFIX</key>
				<string>LC</string>
				<key>LastUpgradeCheck</key>
				<string>0430</string>
			</dict>
			<key>buildConfigurationList</key>
			<string>997449C815BB5A640022EFF4</string>
			<key>compatibilityVersion</key>
			<string>Xcode 3.2</string>
			<key>developmentRegion</key>
			<string>English</string>
			<key>hasScannedForEncodings</key>
			<string>0</string>
			<key>isa</key>
			<string>PBXProject</string>
			<key>knownRegions</key>
			<array>
				<string>en</string>
			</array>
			<key>mainGroup</key>
			<string>997449C315BB5A640022EFF4</string>
			<key>productRefGroup</key>
			<string>997449CF15BB5A640022EFF4</string>
			<key>projectDirPath</key>
			<string></string>
			<key>projectRoot</key>
			<string></string>
			<key>targets</key>
			<array>
				<string>997449CD15BB5A640022EFF4</string>
			</array>
		</dict>
		<key>997449C815BB5A640022EFF4</key>
		<dict>
			<key>buildConfigurations</key>
			<array>
				<string>997449E415BB5A640022EFF4</string>
				<string>997449E515BB5A640022EFF4</string>
			</array>
			<key>defaultConfigurationIsVisible</key>
			<string>0</string>
			<key>defaultConfigurationName</key>
			<string>Release</string>
			<key>isa</key>
			<string>XCConfigurationList</string>
		</dict>
		<key>997449CA15BB5A640022EFF4</key>
		<dict>
			<key>buildActionMask</key>
			<string>2147483647</string>
			<key>files</key>
			<array>
				<string>997449DF15BB5A640022EFF4</string>
				<string>997449E315BB5A640022EFF4</string>
				<string>995C7EA015BB5B630066D8D5</string>
			</array>
			<key>isa</key>
			<string>PBXSourcesBuildPhase</string>
			<key>runOnlyForDeploymentPostprocessing</key>
			<string>0</string>
		</dict>
		<key>997449CB15BB5A640022EFF4</key>
		<dict>
			<key>buildActionMask</key>
			<string>2147483647</string>
			<key>files</key>
			<array>
				<string>995C7EAF15BB603D0066D8D5</string>
				<string>995C7EA615BB5D730066D8D5</string>
				<string>997449D315BB5A640022EFF4</string>
				<string>997449D515BB5A640022EFF4</string>
				<string>997449D715BB5A640022EFF4</string>
				<string>8D3199AD43224FD4B755C2CF</string>
			</array>
			<key>isa</key>
			<string>PBXFrameworksBuildPhase</string>
			<key>runOnlyForDeploymentPostprocessing</key>
			<string>0</string>
		</dict>
		<key>997449CC15BB5A640022EFF4</key>
		<dict>
			<key>buildActionMask</key>
			<string>2147483647</string>
			<key>files</key>
			<array>
				<string>997449DD15BB5A640022EFF4</string>
				<string>995C7EA115BB5B630066D8D5</string>
			</array>
			<key>isa</key>
			<string>PBXResourcesBuildPhase</string>
			<key>runOnlyForDeploymentPostprocessing</key>
			<string>0</string>
		</dict>
		<key>997449CD15BB5A640022EFF4</key>
		<dict>
			<key>buildConfigurationList</key>
			<string>997449E615BB5A640022EFF4</string>
			<key>buildPhases</key>
			<array>
				<string>997449CA15BB5A640022EFF4</string>
				<string>997449CB15BB5A640022EFF4</string>
				<string>997449CC15BB5A640022EFF4</string>
				<string>00A1680E3B70469088FC7CD8</string>
			</array>
			<key>buildRules</key>
			<array/>
			<key>dependencies</key>
			<array/>
			<key>isa</key>
			<string>PBXNativeTarget</string>
			<key>name</key>
			<string>Lifecraft</string>
			<key>productName</key>
			<string>Lifecraft</string>
			<key>productReference</key>
			<string>997449CE15BB5A640022EFF4</string>
			<key>productType</key>
			<string>com.apple.product-type.application</string>
		</dict>
		<key>997449CE15BB5A640022EFF4</key>
		<dict>
			<key>explicitFileType</key>
			<string>wrapper.application</string>
			<key>includeInIndex</key>
			<string>0</string>
			<key>isa</key>
			<string>PBXFileReference</string>
			<key>name</key>
			<string>Lifecraft.app</string>
			<key>path</key>
			<string>Lifecraft.app</string>
			<key>sourceTree</key>
			<string>BUILT_PRODUCTS_DIR</string>
		</dict>
		<key>997449CF15BB5A640022EFF4</key>
		<dict>
			<key>children</key>
			<array>
				<string>997449CE15BB5A640022EFF4</string>
			</array>
			<key>isa</key>
			<string>PBXGroup</string>
			<key>name</key>
			<string>Products</string>
			<key>sourceTree</key>
			<string>&lt;group&gt;</string>
		</dict>
		<key>997449D115BB5A640022EFF4</key>
		<dict>
			<key>children</key>
			<array>
				<string>997449D215BB5A640022EFF4</string>
				<string>997449D415BB5A640022EFF4</string>
				<string>997449D615BB5A640022EFF4</string>
				<string>4E584A651DE34ABBBBE9979B</string>
			</array>
			<key>isa</key>
			<string>PBXGroup</string>
			<key>name</key>
			<string>Frameworks</string>
			<key>sourceTree</key>
			<string>&lt;group&gt;</string>
		</dict>
		<key>997449D215BB5A640022EFF4</key>
		<dict>
			<key>isa</key>
			<string>PBXFileReference</string>
			<key>lastKnownFileType</key>
			<string>wrapper.framework</string>
			<key>name</key>
			<string>UIKit.framework</string>
			<key>path</key>
			<string>System/Library/Frameworks/UIKit.framework</string>
			<key>sourceTree</key>
			<string>SDKROOT</string>
		</dict>
		<key>997449D315BB5A640022EFF4</key>
		<dict>
			<key>fileRef</key>
			<string>997449D215BB5A640022EFF4</string>
			<key>isa</key>
			<string>PBXBuildFile</string>
		</dict>
		<key>997449D415BB5A640022EFF4</key>
		<dict>
			<key>isa</key>
			<string>PBXFileReference</string>
			<key>lastKnownFileType</key>
			<string>wrapper.framework</string>
			<key>name</key>
			<string>Foundation.framework</string>
			<key>path</key>
			<string>System/Library/Frameworks/Foundation.framework</string>
			<key>sourceTree</key>
			<string>SDKROOT</string>
		</dict>
		<key>997449D515BB5A640022EFF4</key>
		<dict>
			<key>fileRef</key>
			<string>997449D415BB5A640022EFF4</string>
			<key>isa</key>
			<string>PBXBuildFile</string>
		</dict>
		<key>997449D615BB5A640022EFF4</key>
		<dict>
			<key>isa</key>
			<string>PBXFileReference</string>
			<key>lastKnownFileType</key>
			<string>wrapper.framework</string>
			<key>name</key>
			<string>CoreGraphics.framework</string>
			<key>path</key>
			<string>System/Library/Frameworks/CoreGraphics.framework</string>
			<key>sourceTree</key>
			<string>SDKROOT</string>
		</dict>
		<key>997449D715BB5A640022EFF4</key>
		<dict>
			<key>fileRef</key>
			<string>997449D615BB5A640022EFF4</string>
			<key>isa</key>
			<string>PBXBuildFile</string>
		</dict>
		<key>997449D815BB5A640022EFF4</key>
		<dict>
			<key>children</key>
			<array>
				<string>997449E115BB5A640022EFF4</string>
				<string>997449E215BB5A640022EFF4</string>
				<string>997449D915BB5A640022EFF4</string>
				<string>995C7EA415BB5B6C0066D8D5</string>
			</array>
			<key>isa</key>
			<string>PBXGroup</string>
			<key>path</key>
			<string>Lifecraft</string>
			<key>sourceTree</key>
			<string>&lt;group&gt;</string>
		</dict>
		<key>997449D915BB5A640022EFF4</key>
		<dict>
			<key>children</key>
			<array>
				<string>997449DA15BB5A640022EFF4</string>
				<string>997449DB15BB5A640022EFF4</string>
				<string>997449DE15BB5A640022EFF4</string>
				<string>997449E015BB5A640022EFF4</string>
			</array>
			<key>isa</key>
			<string>PBXGroup</string>
			<key>name</key>
			<string>Supporting Files</string>
			<key>sourceTree</key>
			<string>&lt;group&gt;</string>
		</dict>
		<key>997449DA15BB5A640022EFF4</key>
		<dict>
			<key>isa</key>
			<string>PBXFileReference</string>
			<key>lastKnownFileType</key>
			<string>text.plist.xml</string>
			<key>name</key>
			<string>Lifecraft-Info.plist</string>
			<key>path</key>
			<string>Lifecraft-Info.plist</string>
			<key>sourceTree</key>
			<string>&lt;group&gt;</string>
		</dict>
		<key>997449DB15BB5A640022EFF4</key>
		<dict>
			<key>children</key>
			<array>
				<string>997449DC15BB5A640022EFF4</string>
			</array>
			<key>isa</key>
			<string>PBXVariantGroup</string>
			<key>name</key>
			<string>InfoPlist.strings</string>
			<key>sourceTree</key>
			<string>&lt;group&gt;</string>
		</dict>
		<key>997449DC15BB5A640022EFF4</key>
		<dict>
			<key>isa</key>
			<string>PBXFileReference</string>
			<key>lastKnownFileType</key>
			<string>text.plist.strings</string>
			<key>name</key>
			<string>en</string>
			<key>path</key>
			<string>en.lproj/InfoPlist.strings</string>
			<key>sourceTree</key>
			<string>&lt;group&gt;</string>
		</dict>
		<key>997449DD15BB5A640022EFF4</key>
		<dict>
			<key>fileRef</key>
			<string>997449DB15BB5A640022EFF4</string>
			<key>isa</key>
			<string>PBXBuildFile</string>
		</dict>
		<key>997449DE15BB5A640022EFF4</key>
		<dict>
			<key>isa</key>
			<string>PBXFileReference</string>
			<key>lastKnownFileType</key>
			<string>sourcecode.c.objc</string>
			<key>name</key>
			<string>main.m</string>
			<key>path</key>
			<string>main.m</string>
			<key>sourceTree</key>
			<string>&lt;group&gt;</string>
		</dict>
		<key>997449DF15BB5A640022EFF4</key>
		<dict>
			<key>fileRef</key>
			<string>997449DE15BB5A640022EFF4</string>
			<key>isa</key>
			<string>PBXBuildFile</string>
		</dict>
		<key>997449E015BB5A640022EFF4</key>
		<dict>
			<key>isa</key>
			<string>PBXFileReference</string>
			<key>lastKnownFileType</key>
			<string>sourcecode.c.h</string>
			<key>name</key>
			<string>Lifecraft-Prefix.pch</string>
			<key>path</key>
			<string>Lifecraft-Prefix.pch</string>
			<key>sourceTree</key>
			<string>&lt;group&gt;</string>
		</dict>
		<key>997449E115BB5A640022EFF4</key>
		<dict>
			<key>isa</key>
			<string>PBXFileReference</string>
			<key>lastKnownFileType</key>
			<string>sourcecode.c.h</string>
			<key>name</key>
			<string>LCAppDelegate.h</string>
			<key>path</key>
			<string>LCAppDelegate.h</string>
			<key>sourceTree</key>
			<string>&lt;group&gt;</string>
		</dict>
		<key>997449E215BB5A640022EFF4</key>
		<dict>
			<key>isa</key>
			<string>PBXFileReference</string>
			<key>lastKnownFileType</key>
			<string>sourcecode.c.objc</string>
			<key>name</key>
			<string>LCAppDelegate.m</string>
			<key>path</key>
			<string>LCAppDelegate.m</string>
			<key>sourceTree</key>
			<string>&lt;group&gt;</string>
		</dict>
		<key>997449E315BB5A640022EFF4</key>
		<dict>
			<key>fileRef</key>
			<string>997449E215BB5A640022EFF4</string>
			<key>isa</key>
			<string>PBXBuildFile</string>
		</dict>
		<key>997449E415BB5A640022EFF4</key>
		<dict>
			<key>buildSettings</key>
			<dict>
				<key>ALWAYS_SEARCH_USER_PATHS</key>
				<string>NO</string>
				<key>ARCHS</key>
				<string>$(ARCHS_STANDARD_32_BIT)</string>
				<key>CLANG_ENABLE_OBJC_ARC</key>
				<string>YES</string>
				<key>CODE_SIGN_IDENTITY[sdk=iphoneos*]</key>
				<string>iPhone Developer</string>
				<key>COPY_PHASE_STRIP</key>
				<string>NO</string>
				<key>GCC_C_LANGUAGE_STANDARD</key>
				<string>gnu99</string>
				<key>GCC_DYNAMIC_NO_PIC</key>
				<string>NO</string>
				<key>GCC_OPTIMIZATION_LEVEL</key>
				<string>0</string>
				<key>GCC_PREPROCESSOR_DEFINITIONS</key>
				<array>
					<string>DEBUG=1</string>
					<string>$(inherited)</string>
				</array>
				<key>GCC_SYMBOLS_PRIVATE_EXTERN</key>
				<string>NO</string>
				<key>GCC_VERSION</key>
				<string>com.apple.compilers.llvm.clang.1_0</string>
				<key>GCC_WARN_ABOUT_RETURN_TYPE</key>
				<string>YES</string>
				<key>GCC_WARN_UNINITIALIZED_AUTOS</key>
				<string>YES</string>
				<key>GCC_WARN_UNUSED_VARIABLE</key>
				<string>YES</string>
				<key>IPHONEOS_DEPLOYMENT_TARGET</key>
				<string>5.1</string>
				<key>SDKROOT</key>
				<string>iphoneos</string>
			</dict>
			<key>isa</key>
			<string>XCBuildConfiguration</string>
			<key>name</key>
			<string>Debug</string>
		</dict>
		<key>997449E515BB5A640022EFF4</key>
		<dict>
			<key>buildSettings</key>
			<dict>
				<key>ALWAYS_SEARCH_USER_PATHS</key>
				<string>NO</string>
				<key>ARCHS</key>
				<string>$(ARCHS_STANDARD_32_BIT)</string>
				<key>CLANG_ENABLE_OBJC_ARC</key>
				<string>YES</string>
				<key>CODE_SIGN_IDENTITY[sdk=iphoneos*]</key>
				<string>iPhone Developer</string>
				<key>COPY_PHASE_STRIP</key>
				<string>YES</string>
				<key>GCC_C_LANGUAGE_STANDARD</key>
				<string>gnu99</string>
				<key>GCC_VERSION</key>
				<string>com.apple.compilers.llvm.clang.1_0</string>
				<key>GCC_WARN_ABOUT_RETURN_TYPE</key>
				<string>YES</string>
				<key>GCC_WARN_UNINITIALIZED_AUTOS</key>
				<string>YES</string>
				<key>GCC_WARN_UNUSED_VARIABLE</key>
				<string>YES</string>
				<key>IPHONEOS_DEPLOYMENT_TARGET</key>
				<string>5.1</string>
				<key>OTHER_CFLAGS</key>
				<string>-DNS_BLOCK_ASSERTIONS=1</string>
				<key>SDKROOT</key>
				<string>iphoneos</string>
				<key>VALIDATE_PRODUCT</key>
				<string>YES</string>
			</dict>
			<key>isa</key>
			<string>XCBuildConfiguration</string>
			<key>name</key>
			<string>Release</string>
		</dict>
		<key>997449E615BB5A640022EFF4</key>
		<dict>
			<key>buildConfigurations</key>
			<array>
				<string>997449E715BB5A640022EFF4</string>
				<string>997449E815BB5A640022EFF4</string>
			</array>
			<key>defaultConfigurationIsVisible</key>
			<string>0</string>
			<key>defaultConfigurationName</key>
			<string>Release</string>
			<key>isa</key>
			<string>XCConfigurationList</string>
		</dict>
		<key>997449E715BB5A640022EFF4</key>
		<dict>
			<key>baseConfigurationReference</key>
			<string>D9586312057F4136801A5B49</string>
			<key>buildSettings</key>
			<dict>
				<key>DSTROOT</key>
				<string>/tmp/xcodeproj.dst</string>
				<key>GCC_PRECOMPILE_PREFIX_HEADER</key>
				<string>YES</string>
				<key>GCC_PREFIX_HEADER</key>
				<string>Lifecraft/Lifecraft-Prefix.pch</string>
				<key>GCC_VERSION</key>
				<string>com.apple.compilers.llvm.clang.1_0</string>
				<key>INFOPLIST_FILE</key>
				<string>Lifecraft/Lifecraft-Info.plist</string>
				<key>PRODUCT_NAME</key>
				<string>$(TARGET_NAME)</string>
				<key>SKIP_INSTALL</key>
				<string>YES</string>
				<key>WRAPPER_EXTENSION</key>
				<string>app</string>
			</dict>
			<key>isa</key>
			<string>XCBuildConfiguration</string>
			<key>name</key>
			<string>Debug</string>
		</dict>
		<key>997449E815BB5A640022EFF4</key>
		<dict>
			<key>baseConfigurationReference</key>
			<string>D9586312057F4136801A5B49</string>
			<key>buildSettings</key>
			<dict>
				<key>DSTROOT</key>
				<string>/tmp/xcodeproj.dst</string>
				<key>GCC_PRECOMPILE_PREFIX_HEADER</key>
				<string>YES</string>
				<key>GCC_PREFIX_HEADER</key>
				<string>Lifecraft/Lifecraft-Prefix.pch</string>
				<key>GCC_VERSION</key>
				<string>com.apple.compilers.llvm.clang.1_0</string>
				<key>INFOPLIST_FILE</key>
				<string>Lifecraft/Lifecraft-Info.plist</string>
				<key>PRODUCT_NAME</key>
				<string>$(TARGET_NAME)</string>
				<key>SKIP_INSTALL</key>
				<string>YES</string>
				<key>WRAPPER_EXTENSION</key>
				<string>app</string>
			</dict>
			<key>isa</key>
			<string>XCBuildConfiguration</string>
			<key>name</key>
			<string>Release</string>
		</dict>
		<key>D9586312057F4136801A5B49</key>
		<dict>
			<key>isa</key>
			<string>PBXFileReference</string>
			<key>lastKnownFileType</key>
			<string>text.xcconfig</string>
			<key>name</key>
			<string>Pods.xcconfig</string>
			<key>path</key>
			<string>Pods/Pods.xcconfig</string>
			<key>sourceTree</key>
			<string>SOURCE_ROOT</string>
		</dict>
	</dict>
	<key>rootObject</key>
	<string>997449C515BB5A640022EFF4</string>
</dict>
</plist>
